PODS:
  - KOJObjcExceptionWrapper (0.1.1)

DEPENDENCIES:
  - KOJObjcExceptionWrapper (from `../`)

EXTERNAL SOURCES:
  KOJObjcExceptionWrapper:
    :path: "../"

SPEC CHECKSUMS:
  KOJObjcExceptionWrapper: 2ec212b43a08ab073e26c26042a7dbbf5166f66e

PODFILE CHECKSUM: 07b013c258ead0b7979cc6f93c5259156b8c1ddd

COCOAPODS: 1.5.0
