PODS:
  - KOJObjcExceptionWrapper (0.1.0)

DEPENDENCIES:
  - KOJObjcExceptionWrapper (from `../`)

EXTERNAL SOURCES:
  KOJObjcExceptionWrapper:
    :path: "../"

SPEC CHECKSUMS:
  KOJObjcExceptionWrapper: 75d6b90f96a377e4b5edc82405e592f34adf27a5

PODFILE CHECKSUM: 07b013c258ead0b7979cc6f93c5259156b8c1ddd

COCOAPODS: 1.2.1
